
Microsoft Visual Studio Solution File, Format Version 12.00
# Visual Studio Version 17
VisualStudioVersion = 17.4.33122.133
MinimumVisualStudioVersion = 10.0.40219.1
Project("{FAE04EC0-301F-11D3-BF4B-00C04F79EFBC}") = "StockApp.Domain", "StockApp.Domain\StockApp.Domain.csproj", "{DADE10E9-F98B-49C2-8D00-F97F479B7503}"
EndProject
Project("{FAE04EC0-301F-11D3-BF4B-00C04F79EFBC}") = "StockApp.Application", "StockApp.Application\StockApp.Application.csproj", "{D252D7DC-D1BC-41EC-9F5D-B89827172941}"
EndProject
Project("{FAE04EC0-301F-11D3-BF4B-00C04F79EFBC}") = "StockApp.Infra.Data", "StockApp.Infra.Data\StockApp.Infra.Data.csproj", "{3C310CF6-6C80-44CD-A4D6-C1DA29C0923D}"
EndProject
Project("{FAE04EC0-301F-11D3-BF4B-00C04F79EFBC}") = "StockApp.Infra.IoC", "StockApp.Infra.IoC\StockApp.Infra.IoC.csproj", "{E670A189-7A04-4AA0-BCE2-549313073525}"
EndProject
Project("{FAE04EC0-301F-11D3-BF4B-00C04F79EFBC}") = "StockApp.WebUI", "StockApp.WebUI\StockApp.WebUI.csproj", "{25467ACD-7196-47BD-B0F7-02BC04D13F37}"
EndProject
Global
	GlobalSection(SolutionConfigurationPlatforms) = preSolution
		Debug|Any CPU = Debug|Any CPU
		Release|Any CPU = Release|Any CPU
	EndGlobalSection
	GlobalSection(ProjectConfigurationPlatforms) = postSolution
		{DADE10E9-F98B-49C2-8D00-F97F479B7503}.Debug|Any CPU.ActiveCfg = Debug|Any CPU
		{DADE10E9-F98B-49C2-8D00-F97F479B7503}.Debug|Any CPU.Build.0 = Debug|Any CPU
		{DADE10E9-F98B-49C2-8D00-F97F479B7503}.Release|Any CPU.ActiveCfg = Release|Any CPU
		{DADE10E9-F98B-49C2-8D00-F97F479B7503}.Release|Any CPU.Build.0 = Release|Any CPU
		{D252D7DC-D1BC-41EC-9F5D-B89827172941}.Debug|Any CPU.ActiveCfg = Debug|Any CPU
		{D252D7DC-D1BC-41EC-9F5D-B89827172941}.Debug|Any CPU.Build.0 = Debug|Any CPU
		{D252D7DC-D1BC-41EC-9F5D-B89827172941}.Release|Any CPU.ActiveCfg = Release|Any CPU
		{D252D7DC-D1BC-41EC-9F5D-B89827172941}.Release|Any CPU.Build.0 = Release|Any CPU
		{3C310CF6-6C80-44CD-A4D6-C1DA29C0923D}.Debug|Any CPU.ActiveCfg = Debug|Any CPU
		{3C310CF6-6C80-44CD-A4D6-C1DA29C0923D}.Debug|Any CPU.Build.0 = Debug|Any CPU
		{3C310CF6-6C80-44CD-A4D6-C1DA29C0923D}.Release|Any CPU.ActiveCfg = Release|Any CPU
		{3C310CF6-6C80-44CD-A4D6-C1DA29C0923D}.Release|Any CPU.Build.0 = Release|Any CPU
		{E670A189-7A04-4AA0-BCE2-549313073525}.Debug|Any CPU.ActiveCfg = Debug|Any CPU
		{E670A189-7A04-4AA0-BCE2-549313073525}.Debug|Any CPU.Build.0 = Debug|Any CPU
		{E670A189-7A04-4AA0-BCE2-549313073525}.Release|Any CPU.ActiveCfg = Release|Any CPU
		{E670A189-7A04-4AA0-BCE2-549313073525}.Release|Any CPU.Build.0 = Release|Any CPU
		{25467ACD-7196-47BD-B0F7-02BC04D13F37}.Debug|Any CPU.ActiveCfg = Debug|Any CPU
		{25467ACD-7196-47BD-B0F7-02BC04D13F37}.Debug|Any CPU.Build.0 = Debug|Any CPU
		{25467ACD-7196-47BD-B0F7-02BC04D13F37}.Release|Any CPU.ActiveCfg = Release|Any CPU
		{25467ACD-7196-47BD-B0F7-02BC04D13F37}.Release|Any CPU.Build.0 = Release|Any CPU
	EndGlobalSection
	GlobalSection(SolutionProperties) = preSolution
		HideSolutionNode = FALSE
	EndGlobalSection
	GlobalSection(ExtensibilityGlobals) = postSolution
		SolutionGuid = {31301F9B-8079-4D06-909A-C349F7DED0F5}
	EndGlobalSection
EndGlobal
